
Microsoft Visual Studio Solution File, Format Version 12.00
# Visual Studio Version 16
VisualStudioVersion = 16.0.34407.143
MinimumVisualStudioVersion = 10.0.40219.1
Project("{8BC9CEB8-8B4A-11D0-8D11-00A0C91BC942}") = "disegna_cono", "disegna_cono.vcxproj", "{37F2DC21-2FAB-418D-AA9F-F5674D072ACC}"
EndProject
Global
	GlobalSection(SolutionConfigurationPlatforms) = preSolution
		Debug|x64 = Debug|x64
		Debug|x86 = Debug|x86
		Release|x64 = Release|x64
		Release|x86 = Release|x86
	EndGlobalSection
	GlobalSection(ProjectConfigurationPlatforms) = postSolution
		{37F2DC21-2FAB-418D-AA9F-F5674D072ACC}.Debug|x64.ActiveCfg = Debug|x64
		{37F2DC21-2FAB-418D-AA9F-F5674D072ACC}.Debug|x64.Build.0 = Debug|x64
		{37F2DC21-2FAB-418D-AA9F-F5674D072ACC}.Debug|x86.ActiveCfg = Debug|Win32
		{37F2DC21-2FAB-418D-AA9F-F5674D072ACC}.Debug|x86.Build.0 = Debug|Win32
		{37F2DC21-2FAB-418D-AA9F-F5674D072ACC}.Release|x64.ActiveCfg = Release|x64
		{37F2DC21-2FAB-418D-AA9F-F5674D072ACC}.Release|x64.Build.0 = Release|x64
		{37F2DC21-2FAB-418D-AA9F-F5674D072ACC}.Release|x86.ActiveCfg = Release|Win32
		{37F2DC21-2FAB-418D-AA9F-F5674D072ACC}.Release|x86.Build.0 = Release|Win32
	EndGlobalSection
	GlobalSection(SolutionProperties) = preSolution
		HideSolutionNode = FALSE
	EndGlobalSection
	GlobalSection(ExtensibilityGlobals) = postSolution
		SolutionGuid = {98C10C81-9B0E-4C7D-96D8-2FCE7FC5702A}
	EndGlobalSection
EndGlobal
